# This file is autogenerated, do not edit; changes may be undone by the next 'dep ensure'.


[[projects]]
  name = "github.com/byrnedo/apibase"
  packages = ["helpers/pointerhelp","helpers/stringhelp"]
  revision = "4a91e645f2e085f7ce22b17145a902f05cc0a95f"
  version = "0.2.3"

[[projects]]
  name = "github.com/pkg/errors"
  packages = ["."]
  revision = "645ef00459ed84a119197bfb8d8205042c6df63d"
  version = "v0.8.0"

[[projects]]
  branch = "v1"
  name = "gopkg.in/jarcoal/httpmock.v1"
  packages = ["."]
  revision = "cf52904a3cf0f78f199ecade6a6df8e245d5b25a"

[solve-meta]
  analyzer-name = "dep"
  analyzer-version = 1
  inputs-digest = "619bb0d9b09cbbd2b288d762047a372740e19f85d55142ee017fefb018eab783"
  solver-name = "gps-cdcl"
  solver-version = 1
